
Microsoft Visual Studio Solution File, Format Version 12.00
# Visual Studio Version 17
VisualStudioVersion = 17.0.31903.59
MinimumVisualStudioVersion = 10.0.40219.1
Project("{2150E333-8FDC-42A3-9474-1A3956D46DE8}") = "src", "src", "{827E0CD3-B72D-47B6-A68D-7590B98EB39B}"
EndProject
Project("{2150E333-8FDC-42A3-9474-1A3956D46DE8}") = "Services", "Services", "{984BB9B3-3FA3-BE33-9484-CAC21695A33C}"
EndProject
Project("{2150E333-8FDC-42A3-9474-1A3956D46DE8}") = "tests", "tests", "{0AB3BF05-4346-4AA6-1389-037BE0695223}"
EndProject
Project("{2150E333-8FDC-42A3-9474-1A3956D46DE8}") = "Services", "Services", "{4353066B-F410-E540-F593-55E469B78A5F}"
EndProject
Project("{2150E333-8FDC-42A3-9474-1A3956D46DE8}") = "Gateways", "Gateways", "{CBE535C5-B51A-60E9-4D99-AC1BFAA908A1}"
EndProject
Project("{FAE04EC0-301F-11D3-BF4B-00C04F79EFBC}") = "KrishiEye.ApiGateway", "src\Gateways\KrishiEye.ApiGateway\KrishiEye.ApiGateway.csproj", "{135B9AF6-787A-4288-B2B0-6955AC87802F}"
EndProject
Project("{2150E333-8FDC-42A3-9474-1A3956D46DE8}") = "Identity", "Identity", "{1BFC9479-12BF-35C3-06B8-42D89D95092B}"
EndProject
Project("{FAE04EC0-301F-11D3-BF4B-00C04F79EFBC}") = "KrishiEye.Services.Identity.API", "src\Services\Identity\KrishiEye.Services.Identity.API\KrishiEye.Services.Identity.API.csproj", "{6FDA6591-AB66-4420-A6AE-83FC5869CC49}"
EndProject
Project("{FAE04EC0-301F-11D3-BF4B-00C04F79EFBC}") = "KrishiEye.Services.Identity.Domain", "src\Services\Identity\KrishiEye.Services.Identity.Domain\KrishiEye.Services.Identity.Domain.csproj", "{20F92972-8599-446C-A7B2-40EE244DF50E}"
EndProject
Project("{FAE04EC0-301F-11D3-BF4B-00C04F79EFBC}") = "KrishiEye.Services.Identity.Application", "src\Services\Identity\KrishiEye.Services.Identity.Application\KrishiEye.Services.Identity.Application.csproj", "{3093AE44-0D65-4FFF-B7AB-F4E0141B02EF}"
EndProject
Project("{FAE04EC0-301F-11D3-BF4B-00C04F79EFBC}") = "KrishiEye.Services.Identity.Infrastructure", "src\Services\Identity\KrishiEye.Services.Identity.Infrastructure\KrishiEye.Services.Identity.Infrastructure.csproj", "{22895A75-0237-48A9-A9A6-B0383F9EC0DC}"
EndProject
Project("{2150E333-8FDC-42A3-9474-1A3956D46DE8}") = "Transport", "Transport", "{8871A05F-17A3-4577-B9A8-3385A0FE4149}"
EndProject
Project("{FAE04EC0-301F-11D3-BF4B-00C04F79EFBC}") = "KrishiEye.Services.Transport.Domain", "src\Services\Transport\KrishiEye.Services.Transport.Domain\KrishiEye.Services.Transport.Domain.csproj", "{3863F460-FC9E-465D-B666-024EA24EEEDE}"
EndProject
Project("{FAE04EC0-301F-11D3-BF4B-00C04F79EFBC}") = "KrishiEye.Services.Transport.Application", "src\Services\Transport\KrishiEye.Services.Transport.Application\KrishiEye.Services.Transport.Application.csproj", "{D2F9B618-0A84-4B47-B28E-A5A2681AC38B}"
EndProject
Project("{FAE04EC0-301F-11D3-BF4B-00C04F79EFBC}") = "KrishiEye.Services.Transport.Infrastructure", "src\Services\Transport\KrishiEye.Services.Transport.Infrastructure\KrishiEye.Services.Transport.Infrastructure.csproj", "{B9358EB3-7552-4D31-A440-B03DE431384E}"
EndProject
Project("{FAE04EC0-301F-11D3-BF4B-00C04F79EFBC}") = "KrishiEye.Services.Transport.API", "src\Services\Transport\KrishiEye.Services.Transport.API\KrishiEye.Services.Transport.API.csproj", "{83E18A3E-DD38-4CEF-8EA5-5543ADC62DB9}"
EndProject
Project("{2150E333-8FDC-42A3-9474-1A3956D46DE8}") = "Media", "Media", "{971CEA43-920F-36DD-A00E-2E303C06D992}"
EndProject
Project("{FAE04EC0-301F-11D3-BF4B-00C04F79EFBC}") = "KrishiEye.Services.Media.API", "src\Services\Media\KrishiEye.Services.Media.API\KrishiEye.Services.Media.API.csproj", "{CEC28AD3-5123-4C2D-87CD-87DD7BBD515A}"
EndProject
Project("{2150E333-8FDC-42A3-9474-1A3956D46DE8}") = "Catalog", "Catalog", "{C91C1CF1-1625-0789-F869-53D87D6277BA}"
EndProject
Project("{FAE04EC0-301F-11D3-BF4B-00C04F79EFBC}") = "KrishiEye.Services.Catalog.API", "src\Services\Catalog\KrishiEye.Services.Catalog.API\KrishiEye.Services.Catalog.API.csproj", "{ACAC80A1-3E3D-48E7-9FD5-BE9B1C8551B0}"
EndProject
Project("{FAE04EC0-301F-11D3-BF4B-00C04F79EFBC}") = "KrishiEye.Services.Catalog.Domain", "src\Services\Catalog\KrishiEye.Services.Catalog.Domain\KrishiEye.Services.Catalog.Domain.csproj", "{C95BA43F-BF98-4C77-93FB-9D8463C9571A}"
EndProject
Project("{FAE04EC0-301F-11D3-BF4B-00C04F79EFBC}") = "KrishiEye.Services.Catalog.Infrastructure", "src\Services\Catalog\KrishiEye.Services.Catalog.Infrastructure\KrishiEye.Services.Catalog.Infrastructure.csproj", "{32EE1EB6-5291-44ED-84B2-7EC42D5066FA}"
EndProject
Project("{2150E333-8FDC-42A3-9474-1A3956D46DE8}") = "Order", "Order", "{B851199A-4979-E597-3D50-97AC5992BBAF}"
EndProject
Project("{FAE04EC0-301F-11D3-BF4B-00C04F79EFBC}") = "KrishiEye.Services.Order.API", "src\Services\Order\KrishiEye.Services.Order.API\KrishiEye.Services.Order.API.csproj", "{CB444692-0300-4462-9EA5-AF77ECF70203}"
EndProject
Project("{FAE04EC0-301F-11D3-BF4B-00C04F79EFBC}") = "KrishiEye.Services.Order.Domain", "src\Services\Order\KrishiEye.Services.Order.Domain\KrishiEye.Services.Order.Domain.csproj", "{C7F4F668-CD39-476C-B518-805BF6FAF502}"
EndProject
Project("{FAE04EC0-301F-11D3-BF4B-00C04F79EFBC}") = "KrishiEye.Services.Order.Infrastructure", "src\Services\Order\KrishiEye.Services.Order.Infrastructure\KrishiEye.Services.Order.Infrastructure.csproj", "{24D8ECA0-4682-49D8-8E22-2ABDEA9FC2DE}"
EndProject
Global
	GlobalSection(SolutionConfigurationPlatforms) = preSolution
		Debug|Any CPU = Debug|Any CPU
		Debug|x64 = Debug|x64
		Debug|x86 = Debug|x86
		Release|Any CPU = Release|Any CPU
		Release|x64 = Release|x64
		Release|x86 = Release|x86
	EndGlobalSection
	GlobalSection(ProjectConfigurationPlatforms) = postSolution
		{135B9AF6-787A-4288-B2B0-6955AC87802F}.Debug|Any CPU.ActiveCfg = Debug|Any CPU
		{135B9AF6-787A-4288-B2B0-6955AC87802F}.Debug|Any CPU.Build.0 = Debug|Any CPU
		{135B9AF6-787A-4288-B2B0-6955AC87802F}.Debug|x64.ActiveCfg = Debug|Any CPU
		{135B9AF6-787A-4288-B2B0-6955AC87802F}.Debug|x64.Build.0 = Debug|Any CPU
		{135B9AF6-787A-4288-B2B0-6955AC87802F}.Debug|x86.ActiveCfg = Debug|Any CPU
		{135B9AF6-787A-4288-B2B0-6955AC87802F}.Debug|x86.Build.0 = Debug|Any CPU
		{135B9AF6-787A-4288-B2B0-6955AC87802F}.Release|Any CPU.ActiveCfg = Release|Any CPU
		{135B9AF6-787A-4288-B2B0-6955AC87802F}.Release|Any CPU.Build.0 = Release|Any CPU
		{135B9AF6-787A-4288-B2B0-6955AC87802F}.Release|x64.ActiveCfg = Release|Any CPU
		{135B9AF6-787A-4288-B2B0-6955AC87802F}.Release|x64.Build.0 = Release|Any CPU
		{135B9AF6-787A-4288-B2B0-6955AC87802F}.Release|x86.ActiveCfg = Release|Any CPU
		{135B9AF6-787A-4288-B2B0-6955AC87802F}.Release|x86.Build.0 = Release|Any CPU
		{6FDA6591-AB66-4420-A6AE-83FC5869CC49}.Debug|Any CPU.ActiveCfg = Debug|Any CPU
		{6FDA6591-AB66-4420-A6AE-83FC5869CC49}.Debug|Any CPU.Build.0 = Debug|Any CPU
		{6FDA6591-AB66-4420-A6AE-83FC5869CC49}.Debug|x64.ActiveCfg = Debug|Any CPU
		{6FDA6591-AB66-4420-A6AE-83FC5869CC49}.Debug|x64.Build.0 = Debug|Any CPU
		{6FDA6591-AB66-4420-A6AE-83FC5869CC49}.Debug|x86.ActiveCfg = Debug|Any CPU
		{6FDA6591-AB66-4420-A6AE-83FC5869CC49}.Debug|x86.Build.0 = Debug|Any CPU
		{6FDA6591-AB66-4420-A6AE-83FC5869CC49}.Release|Any CPU.ActiveCfg = Release|Any CPU
		{6FDA6591-AB66-4420-A6AE-83FC5869CC49}.Release|Any CPU.Build.0 = Release|Any CPU
		{6FDA6591-AB66-4420-A6AE-83FC5869CC49}.Release|x64.ActiveCfg = Release|Any CPU
		{6FDA6591-AB66-4420-A6AE-83FC5869CC49}.Release|x64.Build.0 = Release|Any CPU
		{6FDA6591-AB66-4420-A6AE-83FC5869CC49}.Release|x86.ActiveCfg = Release|Any CPU
		{6FDA6591-AB66-4420-A6AE-83FC5869CC49}.Release|x86.Build.0 = Release|Any CPU
		{20F92972-8599-446C-A7B2-40EE244DF50E}.Debug|Any CPU.ActiveCfg = Debug|Any CPU
		{20F92972-8599-446C-A7B2-40EE244DF50E}.Debug|Any CPU.Build.0 = Debug|Any CPU
		{20F92972-8599-446C-A7B2-40EE244DF50E}.Debug|x64.ActiveCfg = Debug|Any CPU
		{20F92972-8599-446C-A7B2-40EE244DF50E}.Debug|x64.Build.0 = Debug|Any CPU
		{20F92972-8599-446C-A7B2-40EE244DF50E}.Debug|x86.ActiveCfg = Debug|Any CPU
		{20F92972-8599-446C-A7B2-40EE244DF50E}.Debug|x86.Build.0 = Debug|Any CPU
		{20F92972-8599-446C-A7B2-40EE244DF50E}.Release|Any CPU.ActiveCfg = Release|Any CPU
		{20F92972-8599-446C-A7B2-40EE244DF50E}.Release|Any CPU.Build.0 = Release|Any CPU
		{20F92972-8599-446C-A7B2-40EE244DF50E}.Release|x64.ActiveCfg = Release|Any CPU
		{20F92972-8599-446C-A7B2-40EE244DF50E}.Release|x64.Build.0 = Release|Any CPU
		{20F92972-8599-446C-A7B2-40EE244DF50E}.Release|x86.ActiveCfg = Release|Any CPU
		{20F92972-8599-446C-A7B2-40EE244DF50E}.Release|x86.Build.0 = Release|Any CPU
		{3093AE44-0D65-4FFF-B7AB-F4E0141B02EF}.Debug|Any CPU.ActiveCfg = Debug|Any CPU
		{3093AE44-0D65-4FFF-B7AB-F4E0141B02EF}.Debug|Any CPU.Build.0 = Debug|Any CPU
		{3093AE44-0D65-4FFF-B7AB-F4E0141B02EF}.Debug|x64.ActiveCfg = Debug|Any CPU
		{3093AE44-0D65-4FFF-B7AB-F4E0141B02EF}.Debug|x64.Build.0 = Debug|Any CPU
		{3093AE44-0D65-4FFF-B7AB-F4E0141B02EF}.Debug|x86.ActiveCfg = Debug|Any CPU
		{3093AE44-0D65-4FFF-B7AB-F4E0141B02EF}.Debug|x86.Build.0 = Debug|Any CPU
		{3093AE44-0D65-4FFF-B7AB-F4E0141B02EF}.Release|Any CPU.ActiveCfg = Release|Any CPU
		{3093AE44-0D65-4FFF-B7AB-F4E0141B02EF}.Release|Any CPU.Build.0 = Release|Any CPU
		{3093AE44-0D65-4FFF-B7AB-F4E0141B02EF}.Release|x64.ActiveCfg = Release|Any CPU
		{3093AE44-0D65-4FFF-B7AB-F4E0141B02EF}.Release|x64.Build.0 = Release|Any CPU
		{3093AE44-0D65-4FFF-B7AB-F4E0141B02EF}.Release|x86.ActiveCfg = Release|Any CPU
		{3093AE44-0D65-4FFF-B7AB-F4E0141B02EF}.Release|x86.Build.0 = Release|Any CPU
		{22895A75-0237-48A9-A9A6-B0383F9EC0DC}.Debug|Any CPU.ActiveCfg = Debug|Any CPU
		{22895A75-0237-48A9-A9A6-B0383F9EC0DC}.Debug|Any CPU.Build.0 = Debug|Any CPU
		{22895A75-0237-48A9-A9A6-B0383F9EC0DC}.Debug|x64.ActiveCfg = Debug|Any CPU
		{22895A75-0237-48A9-A9A6-B0383F9EC0DC}.Debug|x64.Build.0 = Debug|Any CPU
		{22895A75-0237-48A9-A9A6-B0383F9EC0DC}.Debug|x86.ActiveCfg = Debug|Any CPU
		{22895A75-0237-48A9-A9A6-B0383F9EC0DC}.Debug|x86.Build.0 = Debug|Any CPU
		{22895A75-0237-48A9-A9A6-B0383F9EC0DC}.Release|Any CPU.ActiveCfg = Release|Any CPU
		{22895A75-0237-48A9-A9A6-B0383F9EC0DC}.Release|Any CPU.Build.0 = Release|Any CPU
		{22895A75-0237-48A9-A9A6-B0383F9EC0DC}.Release|x64.ActiveCfg = Release|Any CPU
		{22895A75-0237-48A9-A9A6-B0383F9EC0DC}.Release|x64.Build.0 = Release|Any CPU
		{22895A75-0237-48A9-A9A6-B0383F9EC0DC}.Release|x86.ActiveCfg = Release|Any CPU
		{22895A75-0237-48A9-A9A6-B0383F9EC0DC}.Release|x86.Build.0 = Release|Any CPU
		{3863F460-FC9E-465D-B666-024EA24EEEDE}.Debug|Any CPU.ActiveCfg = Debug|Any CPU
		{3863F460-FC9E-465D-B666-024EA24EEEDE}.Debug|Any CPU.Build.0 = Debug|Any CPU
		{3863F460-FC9E-465D-B666-024EA24EEEDE}.Debug|x64.ActiveCfg = Debug|Any CPU
		{3863F460-FC9E-465D-B666-024EA24EEEDE}.Debug|x64.Build.0 = Debug|Any CPU
		{3863F460-FC9E-465D-B666-024EA24EEEDE}.Debug|x86.ActiveCfg = Debug|Any CPU
		{3863F460-FC9E-465D-B666-024EA24EEEDE}.Debug|x86.Build.0 = Debug|Any CPU
		{3863F460-FC9E-465D-B666-024EA24EEEDE}.Release|Any CPU.ActiveCfg = Release|Any CPU
		{3863F460-FC9E-465D-B666-024EA24EEEDE}.Release|Any CPU.Build.0 = Release|Any CPU
		{3863F460-FC9E-465D-B666-024EA24EEEDE}.Release|x64.ActiveCfg = Release|Any CPU
		{3863F460-FC9E-465D-B666-024EA24EEEDE}.Release|x64.Build.0 = Release|Any CPU
		{3863F460-FC9E-465D-B666-024EA24EEEDE}.Release|x86.ActiveCfg = Release|Any CPU
		{3863F460-FC9E-465D-B666-024EA24EEEDE}.Release|x86.Build.0 = Release|Any CPU
		{D2F9B618-0A84-4B47-B28E-A5A2681AC38B}.Debug|Any CPU.ActiveCfg = Debug|Any CPU
		{D2F9B618-0A84-4B47-B28E-A5A2681AC38B}.Debug|Any CPU.Build.0 = Debug|Any CPU
		{D2F9B618-0A84-4B47-B28E-A5A2681AC38B}.Debug|x64.ActiveCfg = Debug|Any CPU
		{D2F9B618-0A84-4B47-B28E-A5A2681AC38B}.Debug|x64.Build.0 = Debug|Any CPU
		{D2F9B618-0A84-4B47-B28E-A5A2681AC38B}.Debug|x86.ActiveCfg = Debug|Any CPU
		{D2F9B618-0A84-4B47-B28E-A5A2681AC38B}.Debug|x86.Build.0 = Debug|Any CPU
		{D2F9B618-0A84-4B47-B28E-A5A2681AC38B}.Release|Any CPU.ActiveCfg = Release|Any CPU
		{D2F9B618-0A84-4B47-B28E-A5A2681AC38B}.Release|Any CPU.Build.0 = Release|Any CPU
		{D2F9B618-0A84-4B47-B28E-A5A2681AC38B}.Release|x64.ActiveCfg = Release|Any CPU
		{D2F9B618-0A84-4B47-B28E-A5A2681AC38B}.Release|x64.Build.0 = Release|Any CPU
		{D2F9B618-0A84-4B47-B28E-A5A2681AC38B}.Release|x86.ActiveCfg = Release|Any CPU
		{D2F9B618-0A84-4B47-B28E-A5A2681AC38B}.Release|x86.Build.0 = Release|Any CPU
		{B9358EB3-7552-4D31-A440-B03DE431384E}.Debug|Any CPU.ActiveCfg = Debug|Any CPU
		{B9358EB3-7552-4D31-A440-B03DE431384E}.Debug|Any CPU.Build.0 = Debug|Any CPU
		{B9358EB3-7552-4D31-A440-B03DE431384E}.Debug|x64.ActiveCfg = Debug|Any CPU
		{B9358EB3-7552-4D31-A440-B03DE431384E}.Debug|x64.Build.0 = Debug|Any CPU
		{B9358EB3-7552-4D31-A440-B03DE431384E}.Debug|x86.ActiveCfg = Debug|Any CPU
		{B9358EB3-7552-4D31-A440-B03DE431384E}.Debug|x86.Build.0 = Debug|Any CPU
		{B9358EB3-7552-4D31-A440-B03DE431384E}.Release|Any CPU.ActiveCfg = Release|Any CPU
		{B9358EB3-7552-4D31-A440-B03DE431384E}.Release|Any CPU.Build.0 = Release|Any CPU
		{B9358EB3-7552-4D31-A440-B03DE431384E}.Release|x64.ActiveCfg = Release|Any CPU
		{B9358EB3-7552-4D31-A440-B03DE431384E}.Release|x64.Build.0 = Release|Any CPU
		{B9358EB3-7552-4D31-A440-B03DE431384E}.Release|x86.ActiveCfg = Release|Any CPU
		{B9358EB3-7552-4D31-A440-B03DE431384E}.Release|x86.Build.0 = Release|Any CPU
		{83E18A3E-DD38-4CEF-8EA5-5543ADC62DB9}.Debug|Any CPU.ActiveCfg = Debug|Any CPU
		{83E18A3E-DD38-4CEF-8EA5-5543ADC62DB9}.Debug|Any CPU.Build.0 = Debug|Any CPU
		{83E18A3E-DD38-4CEF-8EA5-5543ADC62DB9}.Debug|x64.ActiveCfg = Debug|Any CPU
		{83E18A3E-DD38-4CEF-8EA5-5543ADC62DB9}.Debug|x64.Build.0 = Debug|Any CPU
		{83E18A3E-DD38-4CEF-8EA5-5543ADC62DB9}.Debug|x86.ActiveCfg = Debug|Any CPU
		{83E18A3E-DD38-4CEF-8EA5-5543ADC62DB9}.Debug|x86.Build.0 = Debug|Any CPU
		{83E18A3E-DD38-4CEF-8EA5-5543ADC62DB9}.Release|Any CPU.ActiveCfg = Release|Any CPU
		{83E18A3E-DD38-4CEF-8EA5-5543ADC62DB9}.Release|Any CPU.Build.0 = Release|Any CPU
		{83E18A3E-DD38-4CEF-8EA5-5543ADC62DB9}.Release|x64.ActiveCfg = Release|Any CPU
		{83E18A3E-DD38-4CEF-8EA5-5543ADC62DB9}.Release|x64.Build.0 = Release|Any CPU
		{83E18A3E-DD38-4CEF-8EA5-5543ADC62DB9}.Release|x86.ActiveCfg = Release|Any CPU
		{83E18A3E-DD38-4CEF-8EA5-5543ADC62DB9}.Release|x86.Build.0 = Release|Any CPU
		{CEC28AD3-5123-4C2D-87CD-87DD7BBD515A}.Debug|Any CPU.ActiveCfg = Debug|Any CPU
		{CEC28AD3-5123-4C2D-87CD-87DD7BBD515A}.Debug|Any CPU.Build.0 = Debug|Any CPU
		{CEC28AD3-5123-4C2D-87CD-87DD7BBD515A}.Debug|x64.ActiveCfg = Debug|Any CPU
		{CEC28AD3-5123-4C2D-87CD-87DD7BBD515A}.Debug|x64.Build.0 = Debug|Any CPU
		{CEC28AD3-5123-4C2D-87CD-87DD7BBD515A}.Debug|x86.ActiveCfg = Debug|Any CPU
		{CEC28AD3-5123-4C2D-87CD-87DD7BBD515A}.Debug|x86.Build.0 = Debug|Any CPU
		{CEC28AD3-5123-4C2D-87CD-87DD7BBD515A}.Release|Any CPU.ActiveCfg = Release|Any CPU
		{CEC28AD3-5123-4C2D-87CD-87DD7BBD515A}.Release|Any CPU.Build.0 = Release|Any CPU
		{CEC28AD3-5123-4C2D-87CD-87DD7BBD515A}.Release|x64.ActiveCfg = Release|Any CPU
		{CEC28AD3-5123-4C2D-87CD-87DD7BBD515A}.Release|x64.Build.0 = Release|Any CPU
		{CEC28AD3-5123-4C2D-87CD-87DD7BBD515A}.Release|x86.ActiveCfg = Release|Any CPU
		{CEC28AD3-5123-4C2D-87CD-87DD7BBD515A}.Release|x86.Build.0 = Release|Any CPU
		{ACAC80A1-3E3D-48E7-9FD5-BE9B1C8551B0}.Debug|Any CPU.ActiveCfg = Debug|Any CPU
		{ACAC80A1-3E3D-48E7-9FD5-BE9B1C8551B0}.Debug|Any CPU.Build.0 = Debug|Any CPU
		{ACAC80A1-3E3D-48E7-9FD5-BE9B1C8551B0}.Debug|x64.ActiveCfg = Debug|Any CPU
		{ACAC80A1-3E3D-48E7-9FD5-BE9B1C8551B0}.Debug|x64.Build.0 = Debug|Any CPU
		{ACAC80A1-3E3D-48E7-9FD5-BE9B1C8551B0}.Debug|x86.ActiveCfg = Debug|Any CPU
		{ACAC80A1-3E3D-48E7-9FD5-BE9B1C8551B0}.Debug|x86.Build.0 = Debug|Any CPU
		{ACAC80A1-3E3D-48E7-9FD5-BE9B1C8551B0}.Release|Any CPU.ActiveCfg = Release|Any CPU
		{ACAC80A1-3E3D-48E7-9FD5-BE9B1C8551B0}.Release|Any CPU.Build.0 = Release|Any CPU
		{ACAC80A1-3E3D-48E7-9FD5-BE9B1C8551B0}.Release|x64.ActiveCfg = Release|Any CPU
		{ACAC80A1-3E3D-48E7-9FD5-BE9B1C8551B0}.Release|x64.Build.0 = Release|Any CPU
		{ACAC80A1-3E3D-48E7-9FD5-BE9B1C8551B0}.Release|x86.ActiveCfg = Release|Any CPU
		{ACAC80A1-3E3D-48E7-9FD5-BE9B1C8551B0}.Release|x86.Build.0 = Release|Any CPU
		{C95BA43F-BF98-4C77-93FB-9D8463C9571A}.Debug|Any CPU.ActiveCfg = Debug|Any CPU
		{C95BA43F-BF98-4C77-93FB-9D8463C9571A}.Debug|Any CPU.Build.0 = Debug|Any CPU
		{C95BA43F-BF98-4C77-93FB-9D8463C9571A}.Debug|x64.ActiveCfg = Debug|Any CPU
		{C95BA43F-BF98-4C77-93FB-9D8463C9571A}.Debug|x64.Build.0 = Debug|Any CPU
		{C95BA43F-BF98-4C77-93FB-9D8463C9571A}.Debug|x86.ActiveCfg = Debug|Any CPU
		{C95BA43F-BF98-4C77-93FB-9D8463C9571A}.Debug|x86.Build.0 = Debug|Any CPU
		{C95BA43F-BF98-4C77-93FB-9D8463C9571A}.Release|Any CPU.ActiveCfg = Release|Any CPU
		{C95BA43F-BF98-4C77-93FB-9D8463C9571A}.Release|Any CPU.Build.0 = Release|Any CPU
		{C95BA43F-BF98-4C77-93FB-9D8463C9571A}.Release|x64.ActiveCfg = Release|Any CPU
		{C95BA43F-BF98-4C77-93FB-9D8463C9571A}.Release|x64.Build.0 = Release|Any CPU
		{C95BA43F-BF98-4C77-93FB-9D8463C9571A}.Release|x86.ActiveCfg = Release|Any CPU
		{C95BA43F-BF98-4C77-93FB-9D8463C9571A}.Release|x86.Build.0 = Release|Any CPU
		{32EE1EB6-5291-44ED-84B2-7EC42D5066FA}.Debug|Any CPU.ActiveCfg = Debug|Any CPU
		{32EE1EB6-5291-44ED-84B2-7EC42D5066FA}.Debug|Any CPU.Build.0 = Debug|Any CPU
		{32EE1EB6-5291-44ED-84B2-7EC42D5066FA}.Debug|x64.ActiveCfg = Debug|Any CPU
		{32EE1EB6-5291-44ED-84B2-7EC42D5066FA}.Debug|x64.Build.0 = Debug|Any CPU
		{32EE1EB6-5291-44ED-84B2-7EC42D5066FA}.Debug|x86.ActiveCfg = Debug|Any CPU
		{32EE1EB6-5291-44ED-84B2-7EC42D5066FA}.Debug|x86.Build.0 = Debug|Any CPU
		{32EE1EB6-5291-44ED-84B2-7EC42D5066FA}.Release|Any CPU.ActiveCfg = Release|Any CPU
		{32EE1EB6-5291-44ED-84B2-7EC42D5066FA}.Release|Any CPU.Build.0 = Release|Any CPU
		{32EE1EB6-5291-44ED-84B2-7EC42D5066FA}.Release|x64.ActiveCfg = Release|Any CPU
		{32EE1EB6-5291-44ED-84B2-7EC42D5066FA}.Release|x64.Build.0 = Release|Any CPU
		{32EE1EB6-5291-44ED-84B2-7EC42D5066FA}.Release|x86.ActiveCfg = Release|Any CPU
		{32EE1EB6-5291-44ED-84B2-7EC42D5066FA}.Release|x86.Build.0 = Release|Any CPU
		{CB444692-0300-4462-9EA5-AF77ECF70203}.Debug|Any CPU.ActiveCfg = Debug|Any CPU
		{CB444692-0300-4462-9EA5-AF77ECF70203}.Debug|Any CPU.Build.0 = Debug|Any CPU
		{CB444692-0300-4462-9EA5-AF77ECF70203}.Debug|x64.ActiveCfg = Debug|Any CPU
		{CB444692-0300-4462-9EA5-AF77ECF70203}.Debug|x64.Build.0 = Debug|Any CPU
		{CB444692-0300-4462-9EA5-AF77ECF70203}.Debug|x86.ActiveCfg = Debug|Any CPU
		{CB444692-0300-4462-9EA5-AF77ECF70203}.Debug|x86.Build.0 = Debug|Any CPU
		{CB444692-0300-4462-9EA5-AF77ECF70203}.Release|Any CPU.ActiveCfg = Release|Any CPU
		{CB444692-0300-4462-9EA5-AF77ECF70203}.Release|Any CPU.Build.0 = Release|Any CPU
		{CB444692-0300-4462-9EA5-AF77ECF70203}.Release|x64.ActiveCfg = Release|Any CPU
		{CB444692-0300-4462-9EA5-AF77ECF70203}.Release|x64.Build.0 = Release|Any CPU
		{CB444692-0300-4462-9EA5-AF77ECF70203}.Release|x86.ActiveCfg = Release|Any CPU
		{CB444692-0300-4462-9EA5-AF77ECF70203}.Release|x86.Build.0 = Release|Any CPU
		{C7F4F668-CD39-476C-B518-805BF6FAF502}.Debug|Any CPU.ActiveCfg = Debug|Any CPU
		{C7F4F668-CD39-476C-B518-805BF6FAF502}.Debug|Any CPU.Build.0 = Debug|Any CPU
		{C7F4F668-CD39-476C-B518-805BF6FAF502}.Debug|x64.ActiveCfg = Debug|Any CPU
		{C7F4F668-CD39-476C-B518-805BF6FAF502}.Debug|x64.Build.0 = Debug|Any CPU
		{C7F4F668-CD39-476C-B518-805BF6FAF502}.Debug|x86.ActiveCfg = Debug|Any CPU
		{C7F4F668-CD39-476C-B518-805BF6FAF502}.Debug|x86.Build.0 = Debug|Any CPU
		{C7F4F668-CD39-476C-B518-805BF6FAF502}.Release|Any CPU.ActiveCfg = Release|Any CPU
		{C7F4F668-CD39-476C-B518-805BF6FAF502}.Release|Any CPU.Build.0 = Release|Any CPU
		{C7F4F668-CD39-476C-B518-805BF6FAF502}.Release|x64.ActiveCfg = Release|Any CPU
		{C7F4F668-CD39-476C-B518-805BF6FAF502}.Release|x64.Build.0 = Release|Any CPU
		{C7F4F668-CD39-476C-B518-805BF6FAF502}.Release|x86.ActiveCfg = Release|Any CPU
		{C7F4F668-CD39-476C-B518-805BF6FAF502}.Release|x86.Build.0 = Release|Any CPU
		{24D8ECA0-4682-49D8-8E22-2ABDEA9FC2DE}.Debug|Any CPU.ActiveCfg = Debug|Any CPU
		{24D8ECA0-4682-49D8-8E22-2ABDEA9FC2DE}.Debug|Any CPU.Build.0 = Debug|Any CPU
		{24D8ECA0-4682-49D8-8E22-2ABDEA9FC2DE}.Debug|x64.ActiveCfg = Debug|Any CPU
		{24D8ECA0-4682-49D8-8E22-2ABDEA9FC2DE}.Debug|x64.Build.0 = Debug|Any CPU
		{24D8ECA0-4682-49D8-8E22-2ABDEA9FC2DE}.Debug|x86.ActiveCfg = Debug|Any CPU
		{24D8ECA0-4682-49D8-8E22-2ABDEA9FC2DE}.Debug|x86.Build.0 = Debug|Any CPU
		{24D8ECA0-4682-49D8-8E22-2ABDEA9FC2DE}.Release|Any CPU.ActiveCfg = Release|Any CPU
		{24D8ECA0-4682-49D8-8E22-2ABDEA9FC2DE}.Release|Any CPU.Build.0 = Release|Any CPU
		{24D8ECA0-4682-49D8-8E22-2ABDEA9FC2DE}.Release|x64.ActiveCfg = Release|Any CPU
		{24D8ECA0-4682-49D8-8E22-2ABDEA9FC2DE}.Release|x64.Build.0 = Release|Any CPU
		{24D8ECA0-4682-49D8-8E22-2ABDEA9FC2DE}.Release|x86.ActiveCfg = Release|Any CPU
		{24D8ECA0-4682-49D8-8E22-2ABDEA9FC2DE}.Release|x86.Build.0 = Release|Any CPU
	EndGlobalSection
	GlobalSection(SolutionProperties) = preSolution
		HideSolutionNode = FALSE
	EndGlobalSection
	GlobalSection(NestedProjects) = preSolution
		{984BB9B3-3FA3-BE33-9484-CAC21695A33C} = {827E0CD3-B72D-47B6-A68D-7590B98EB39B}
		{4353066B-F410-E540-F593-55E469B78A5F} = {0AB3BF05-4346-4AA6-1389-037BE0695223}
		{CBE535C5-B51A-60E9-4D99-AC1BFAA908A1} = {827E0CD3-B72D-47B6-A68D-7590B98EB39B}
		{135B9AF6-787A-4288-B2B0-6955AC87802F} = {CBE535C5-B51A-60E9-4D99-AC1BFAA908A1}
		{1BFC9479-12BF-35C3-06B8-42D89D95092B} = {984BB9B3-3FA3-BE33-9484-CAC21695A33C}
		{6FDA6591-AB66-4420-A6AE-83FC5869CC49} = {1BFC9479-12BF-35C3-06B8-42D89D95092B}
		{20F92972-8599-446C-A7B2-40EE244DF50E} = {1BFC9479-12BF-35C3-06B8-42D89D95092B}
		{3093AE44-0D65-4FFF-B7AB-F4E0141B02EF} = {1BFC9479-12BF-35C3-06B8-42D89D95092B}
		{22895A75-0237-48A9-A9A6-B0383F9EC0DC} = {1BFC9479-12BF-35C3-06B8-42D89D95092B}
		{8871A05F-17A3-4577-B9A8-3385A0FE4149} = {984BB9B3-3FA3-BE33-9484-CAC21695A33C}
		{3863F460-FC9E-465D-B666-024EA24EEEDE} = {8871A05F-17A3-4577-B9A8-3385A0FE4149}
		{D2F9B618-0A84-4B47-B28E-A5A2681AC38B} = {8871A05F-17A3-4577-B9A8-3385A0FE4149}
		{B9358EB3-7552-4D31-A440-B03DE431384E} = {8871A05F-17A3-4577-B9A8-3385A0FE4149}
		{83E18A3E-DD38-4CEF-8EA5-5543ADC62DB9} = {8871A05F-17A3-4577-B9A8-3385A0FE4149}
		{971CEA43-920F-36DD-A00E-2E303C06D992} = {984BB9B3-3FA3-BE33-9484-CAC21695A33C}
		{CEC28AD3-5123-4C2D-87CD-87DD7BBD515A} = {971CEA43-920F-36DD-A00E-2E303C06D992}
		{C91C1CF1-1625-0789-F869-53D87D6277BA} = {984BB9B3-3FA3-BE33-9484-CAC21695A33C}
		{ACAC80A1-3E3D-48E7-9FD5-BE9B1C8551B0} = {C91C1CF1-1625-0789-F869-53D87D6277BA}
		{C95BA43F-BF98-4C77-93FB-9D8463C9571A} = {C91C1CF1-1625-0789-F869-53D87D6277BA}
		{32EE1EB6-5291-44ED-84B2-7EC42D5066FA} = {C91C1CF1-1625-0789-F869-53D87D6277BA}
		{B851199A-4979-E597-3D50-97AC5992BBAF} = {984BB9B3-3FA3-BE33-9484-CAC21695A33C}
		{CB444692-0300-4462-9EA5-AF77ECF70203} = {B851199A-4979-E597-3D50-97AC5992BBAF}
		{C7F4F668-CD39-476C-B518-805BF6FAF502} = {B851199A-4979-E597-3D50-97AC5992BBAF}
		{24D8ECA0-4682-49D8-8E22-2ABDEA9FC2DE} = {B851199A-4979-E597-3D50-97AC5992BBAF}
	EndGlobalSection
EndGlobal
