
Microsoft Visual Studio Solution File, Format Version 12.00
# Visual Studio Version 17
VisualStudioVersion = 17.0.31903.59
MinimumVisualStudioVersion = 10.0.40219.1
Project("{2150E333-8FDC-42A3-9474-1A3956D46DE8}") = "src", "src", "{827E0CD3-B72D-47B6-A68D-7590B98EB39B}"
EndProject
Project("{2150E333-8FDC-42A3-9474-1A3956D46DE8}") = "Services", "Services", "{984BB9B3-3FA3-BE33-9484-CAC21695A33C}"
EndProject
Project("{2150E333-8FDC-42A3-9474-1A3956D46DE8}") = "Catalog", "Catalog", "{C91C1CF1-1625-0789-F869-53D87D6277BA}"
EndProject
Project("{FAE04EC0-301F-11D3-BF4B-00C04F79EFBC}") = "KrishiEye.Services.Catalog.API", "src\Services\Catalog\KrishiEye.Services.Catalog.API\KrishiEye.Services.Catalog.API.csproj", "{0D17F060-34E1-4038-A4FF-A8032B23157C}"
EndProject
Project("{FAE04EC0-301F-11D3-BF4B-00C04F79EFBC}") = "KrishiEye.Services.Catalog.Application", "src\Services\Catalog\KrishiEye.Services.Catalog.Application\KrishiEye.Services.Catalog.Application.csproj", "{14A77997-57C7-4F88-AD80-7B9CC5B9A283}"
EndProject
Project("{FAE04EC0-301F-11D3-BF4B-00C04F79EFBC}") = "KrishiEye.Services.Catalog.Domain", "src\Services\Catalog\KrishiEye.Services.Catalog.Domain\KrishiEye.Services.Catalog.Domain.csproj", "{C1FAC590-4138-4FA9-9567-F7BCE881CB05}"
EndProject
Project("{FAE04EC0-301F-11D3-BF4B-00C04F79EFBC}") = "KrishiEye.Services.Catalog.Infrastructure", "src\Services\Catalog\KrishiEye.Services.Catalog.Infrastructure\KrishiEye.Services.Catalog.Infrastructure.csproj", "{A3CB2D11-F3B5-44C4-B6E7-3064B45EA5B0}"
EndProject
Project("{2150E333-8FDC-42A3-9474-1A3956D46DE8}") = "tests", "tests", "{0AB3BF05-4346-4AA6-1389-037BE0695223}"
EndProject
Project("{2150E333-8FDC-42A3-9474-1A3956D46DE8}") = "Services", "Services", "{4353066B-F410-E540-F593-55E469B78A5F}"
EndProject
Project("{2150E333-8FDC-42A3-9474-1A3956D46DE8}") = "Catalog", "Catalog", "{C5ADB2C2-D5AC-61D9-C060-9FACC8AEA64C}"
EndProject
Project("{FAE04EC0-301F-11D3-BF4B-00C04F79EFBC}") = "KrishiEye.Services.Catalog.UnitTests", "tests\Services\Catalog\KrishiEye.Services.Catalog.UnitTests\KrishiEye.Services.Catalog.UnitTests.csproj", "{2A67EAB8-FCC1-4A98-9029-5EFA19DADC06}"
EndProject
Project("{2150E333-8FDC-42A3-9474-1A3956D46DE8}") = "Gateways", "Gateways", "{CBE535C5-B51A-60E9-4D99-AC1BFAA908A1}"
EndProject
Project("{FAE04EC0-301F-11D3-BF4B-00C04F79EFBC}") = "KrishiEye.ApiGateway", "src\Gateways\KrishiEye.ApiGateway\KrishiEye.ApiGateway.csproj", "{135B9AF6-787A-4288-B2B0-6955AC87802F}"
EndProject
Project("{2150E333-8FDC-42A3-9474-1A3956D46DE8}") = "Identity", "Identity", "{1BFC9479-12BF-35C3-06B8-42D89D95092B}"
EndProject
Project("{FAE04EC0-301F-11D3-BF4B-00C04F79EFBC}") = "KrishiEye.Services.Identity.API", "src\Services\Identity\KrishiEye.Services.Identity.API\KrishiEye.Services.Identity.API.csproj", "{6FDA6591-AB66-4420-A6AE-83FC5869CC49}"
EndProject
Project("{FAE04EC0-301F-11D3-BF4B-00C04F79EFBC}") = "KrishiEye.Services.Identity.Domain", "src\Services\Identity\KrishiEye.Services.Identity.Domain\KrishiEye.Services.Identity.Domain.csproj", "{20F92972-8599-446C-A7B2-40EE244DF50E}"
EndProject
Project("{FAE04EC0-301F-11D3-BF4B-00C04F79EFBC}") = "KrishiEye.Services.Identity.Application", "src\Services\Identity\KrishiEye.Services.Identity.Application\KrishiEye.Services.Identity.Application.csproj", "{3093AE44-0D65-4FFF-B7AB-F4E0141B02EF}"
EndProject
Project("{FAE04EC0-301F-11D3-BF4B-00C04F79EFBC}") = "KrishiEye.Services.Identity.Infrastructure", "src\Services\Identity\KrishiEye.Services.Identity.Infrastructure\KrishiEye.Services.Identity.Infrastructure.csproj", "{22895A75-0237-48A9-A9A6-B0383F9EC0DC}"
EndProject
Project("{2150E333-8FDC-42A3-9474-1A3956D46DE8}") = "Transport", "Transport", "{8871A05F-17A3-4577-B9A8-3385A0FE4149}"
EndProject
Project("{FAE04EC0-301F-11D3-BF4B-00C04F79EFBC}") = "KrishiEye.Services.Transport.Domain", "src\Services\Transport\KrishiEye.Services.Transport.Domain\KrishiEye.Services.Transport.Domain.csproj", "{3863F460-FC9E-465D-B666-024EA24EEEDE}"
EndProject
Project("{FAE04EC0-301F-11D3-BF4B-00C04F79EFBC}") = "KrishiEye.Services.Transport.Application", "src\Services\Transport\KrishiEye.Services.Transport.Application\KrishiEye.Services.Transport.Application.csproj", "{D2F9B618-0A84-4B47-B28E-A5A2681AC38B}"
EndProject
Project("{FAE04EC0-301F-11D3-BF4B-00C04F79EFBC}") = "KrishiEye.Services.Transport.Infrastructure", "src\Services\Transport\KrishiEye.Services.Transport.Infrastructure\KrishiEye.Services.Transport.Infrastructure.csproj", "{B9358EB3-7552-4D31-A440-B03DE431384E}"
EndProject
Project("{FAE04EC0-301F-11D3-BF4B-00C04F79EFBC}") = "KrishiEye.Services.Transport.API", "src\Services\Transport\KrishiEye.Services.Transport.API\KrishiEye.Services.Transport.API.csproj", "{83E18A3E-DD38-4CEF-8EA5-5543ADC62DB9}"
EndProject
Global
	GlobalSection(SolutionConfigurationPlatforms) = preSolution
		Debug|Any CPU = Debug|Any CPU
		Debug|x64 = Debug|x64
		Debug|x86 = Debug|x86
		Release|Any CPU = Release|Any CPU
		Release|x64 = Release|x64
		Release|x86 = Release|x86
	EndGlobalSection
	GlobalSection(ProjectConfigurationPlatforms) = postSolution
		{0D17F060-34E1-4038-A4FF-A8032B23157C}.Debug|Any CPU.ActiveCfg = Debug|Any CPU
		{0D17F060-34E1-4038-A4FF-A8032B23157C}.Debug|Any CPU.Build.0 = Debug|Any CPU
		{0D17F060-34E1-4038-A4FF-A8032B23157C}.Debug|x64.ActiveCfg = Debug|Any CPU
		{0D17F060-34E1-4038-A4FF-A8032B23157C}.Debug|x64.Build.0 = Debug|Any CPU
		{0D17F060-34E1-4038-A4FF-A8032B23157C}.Debug|x86.ActiveCfg = Debug|Any CPU
		{0D17F060-34E1-4038-A4FF-A8032B23157C}.Debug|x86.Build.0 = Debug|Any CPU
		{0D17F060-34E1-4038-A4FF-A8032B23157C}.Release|Any CPU.ActiveCfg = Release|Any CPU
		{0D17F060-34E1-4038-A4FF-A8032B23157C}.Release|Any CPU.Build.0 = Release|Any CPU
		{0D17F060-34E1-4038-A4FF-A8032B23157C}.Release|x64.ActiveCfg = Release|Any CPU
		{0D17F060-34E1-4038-A4FF-A8032B23157C}.Release|x64.Build.0 = Release|Any CPU
		{0D17F060-34E1-4038-A4FF-A8032B23157C}.Release|x86.ActiveCfg = Release|Any CPU
		{0D17F060-34E1-4038-A4FF-A8032B23157C}.Release|x86.Build.0 = Release|Any CPU
		{14A77997-57C7-4F88-AD80-7B9CC5B9A283}.Debug|Any CPU.ActiveCfg = Debug|Any CPU
		{14A77997-57C7-4F88-AD80-7B9CC5B9A283}.Debug|Any CPU.Build.0 = Debug|Any CPU
		{14A77997-57C7-4F88-AD80-7B9CC5B9A283}.Debug|x64.ActiveCfg = Debug|Any CPU
		{14A77997-57C7-4F88-AD80-7B9CC5B9A283}.Debug|x64.Build.0 = Debug|Any CPU
		{14A77997-57C7-4F88-AD80-7B9CC5B9A283}.Debug|x86.ActiveCfg = Debug|Any CPU
		{14A77997-57C7-4F88-AD80-7B9CC5B9A283}.Debug|x86.Build.0 = Debug|Any CPU
		{14A77997-57C7-4F88-AD80-7B9CC5B9A283}.Release|Any CPU.ActiveCfg = Release|Any CPU
		{14A77997-57C7-4F88-AD80-7B9CC5B9A283}.Release|Any CPU.Build.0 = Release|Any CPU
		{14A77997-57C7-4F88-AD80-7B9CC5B9A283}.Release|x64.ActiveCfg = Release|Any CPU
		{14A77997-57C7-4F88-AD80-7B9CC5B9A283}.Release|x64.Build.0 = Release|Any CPU
		{14A77997-57C7-4F88-AD80-7B9CC5B9A283}.Release|x86.ActiveCfg = Release|Any CPU
		{14A77997-57C7-4F88-AD80-7B9CC5B9A283}.Release|x86.Build.0 = Release|Any CPU
		{C1FAC590-4138-4FA9-9567-F7BCE881CB05}.Debug|Any CPU.ActiveCfg = Debug|Any CPU
		{C1FAC590-4138-4FA9-9567-F7BCE881CB05}.Debug|Any CPU.Build.0 = Debug|Any CPU
		{C1FAC590-4138-4FA9-9567-F7BCE881CB05}.Debug|x64.ActiveCfg = Debug|Any CPU
		{C1FAC590-4138-4FA9-9567-F7BCE881CB05}.Debug|x64.Build.0 = Debug|Any CPU
		{C1FAC590-4138-4FA9-9567-F7BCE881CB05}.Debug|x86.ActiveCfg = Debug|Any CPU
		{C1FAC590-4138-4FA9-9567-F7BCE881CB05}.Debug|x86.Build.0 = Debug|Any CPU
		{C1FAC590-4138-4FA9-9567-F7BCE881CB05}.Release|Any CPU.ActiveCfg = Release|Any CPU
		{C1FAC590-4138-4FA9-9567-F7BCE881CB05}.Release|Any CPU.Build.0 = Release|Any CPU
		{C1FAC590-4138-4FA9-9567-F7BCE881CB05}.Release|x64.ActiveCfg = Release|Any CPU
		{C1FAC590-4138-4FA9-9567-F7BCE881CB05}.Release|x64.Build.0 = Release|Any CPU
		{C1FAC590-4138-4FA9-9567-F7BCE881CB05}.Release|x86.ActiveCfg = Release|Any CPU
		{C1FAC590-4138-4FA9-9567-F7BCE881CB05}.Release|x86.Build.0 = Release|Any CPU
		{A3CB2D11-F3B5-44C4-B6E7-3064B45EA5B0}.Debug|Any CPU.ActiveCfg = Debug|Any CPU
		{A3CB2D11-F3B5-44C4-B6E7-3064B45EA5B0}.Debug|Any CPU.Build.0 = Debug|Any CPU
		{A3CB2D11-F3B5-44C4-B6E7-3064B45EA5B0}.Debug|x64.ActiveCfg = Debug|Any CPU
		{A3CB2D11-F3B5-44C4-B6E7-3064B45EA5B0}.Debug|x64.Build.0 = Debug|Any CPU
		{A3CB2D11-F3B5-44C4-B6E7-3064B45EA5B0}.Debug|x86.ActiveCfg = Debug|Any CPU
		{A3CB2D11-F3B5-44C4-B6E7-3064B45EA5B0}.Debug|x86.Build.0 = Debug|Any CPU
		{A3CB2D11-F3B5-44C4-B6E7-3064B45EA5B0}.Release|Any CPU.ActiveCfg = Release|Any CPU
		{A3CB2D11-F3B5-44C4-B6E7-3064B45EA5B0}.Release|Any CPU.Build.0 = Release|Any CPU
		{A3CB2D11-F3B5-44C4-B6E7-3064B45EA5B0}.Release|x64.ActiveCfg = Release|Any CPU
		{A3CB2D11-F3B5-44C4-B6E7-3064B45EA5B0}.Release|x64.Build.0 = Release|Any CPU
		{A3CB2D11-F3B5-44C4-B6E7-3064B45EA5B0}.Release|x86.ActiveCfg = Release|Any CPU
		{A3CB2D11-F3B5-44C4-B6E7-3064B45EA5B0}.Release|x86.Build.0 = Release|Any CPU
		{2A67EAB8-FCC1-4A98-9029-5EFA19DADC06}.Debug|Any CPU.ActiveCfg = Debug|Any CPU
		{2A67EAB8-FCC1-4A98-9029-5EFA19DADC06}.Debug|Any CPU.Build.0 = Debug|Any CPU
		{2A67EAB8-FCC1-4A98-9029-5EFA19DADC06}.Debug|x64.ActiveCfg = Debug|Any CPU
		{2A67EAB8-FCC1-4A98-9029-5EFA19DADC06}.Debug|x64.Build.0 = Debug|Any CPU
		{2A67EAB8-FCC1-4A98-9029-5EFA19DADC06}.Debug|x86.ActiveCfg = Debug|Any CPU
		{2A67EAB8-FCC1-4A98-9029-5EFA19DADC06}.Debug|x86.Build.0 = Debug|Any CPU
		{2A67EAB8-FCC1-4A98-9029-5EFA19DADC06}.Release|Any CPU.ActiveCfg = Release|Any CPU
		{2A67EAB8-FCC1-4A98-9029-5EFA19DADC06}.Release|Any CPU.Build.0 = Release|Any CPU
		{2A67EAB8-FCC1-4A98-9029-5EFA19DADC06}.Release|x64.ActiveCfg = Release|Any CPU
		{2A67EAB8-FCC1-4A98-9029-5EFA19DADC06}.Release|x64.Build.0 = Release|Any CPU
		{2A67EAB8-FCC1-4A98-9029-5EFA19DADC06}.Release|x86.ActiveCfg = Release|Any CPU
		{2A67EAB8-FCC1-4A98-9029-5EFA19DADC06}.Release|x86.Build.0 = Release|Any CPU
		{135B9AF6-787A-4288-B2B0-6955AC87802F}.Debug|Any CPU.ActiveCfg = Debug|Any CPU
		{135B9AF6-787A-4288-B2B0-6955AC87802F}.Debug|Any CPU.Build.0 = Debug|Any CPU
		{135B9AF6-787A-4288-B2B0-6955AC87802F}.Debug|x64.ActiveCfg = Debug|Any CPU
		{135B9AF6-787A-4288-B2B0-6955AC87802F}.Debug|x64.Build.0 = Debug|Any CPU
		{135B9AF6-787A-4288-B2B0-6955AC87802F}.Debug|x86.ActiveCfg = Debug|Any CPU
		{135B9AF6-787A-4288-B2B0-6955AC87802F}.Debug|x86.Build.0 = Debug|Any CPU
		{135B9AF6-787A-4288-B2B0-6955AC87802F}.Release|Any CPU.ActiveCfg = Release|Any CPU
		{135B9AF6-787A-4288-B2B0-6955AC87802F}.Release|Any CPU.Build.0 = Release|Any CPU
		{135B9AF6-787A-4288-B2B0-6955AC87802F}.Release|x64.ActiveCfg = Release|Any CPU
		{135B9AF6-787A-4288-B2B0-6955AC87802F}.Release|x64.Build.0 = Release|Any CPU
		{135B9AF6-787A-4288-B2B0-6955AC87802F}.Release|x86.ActiveCfg = Release|Any CPU
		{135B9AF6-787A-4288-B2B0-6955AC87802F}.Release|x86.Build.0 = Release|Any CPU
		{6FDA6591-AB66-4420-A6AE-83FC5869CC49}.Debug|Any CPU.ActiveCfg = Debug|Any CPU
		{6FDA6591-AB66-4420-A6AE-83FC5869CC49}.Debug|Any CPU.Build.0 = Debug|Any CPU
		{6FDA6591-AB66-4420-A6AE-83FC5869CC49}.Debug|x64.ActiveCfg = Debug|Any CPU
		{6FDA6591-AB66-4420-A6AE-83FC5869CC49}.Debug|x64.Build.0 = Debug|Any CPU
		{6FDA6591-AB66-4420-A6AE-83FC5869CC49}.Debug|x86.ActiveCfg = Debug|Any CPU
		{6FDA6591-AB66-4420-A6AE-83FC5869CC49}.Debug|x86.Build.0 = Debug|Any CPU
		{6FDA6591-AB66-4420-A6AE-83FC5869CC49}.Release|Any CPU.ActiveCfg = Release|Any CPU
		{6FDA6591-AB66-4420-A6AE-83FC5869CC49}.Release|Any CPU.Build.0 = Release|Any CPU
		{6FDA6591-AB66-4420-A6AE-83FC5869CC49}.Release|x64.ActiveCfg = Release|Any CPU
		{6FDA6591-AB66-4420-A6AE-83FC5869CC49}.Release|x64.Build.0 = Release|Any CPU
		{6FDA6591-AB66-4420-A6AE-83FC5869CC49}.Release|x86.ActiveCfg = Release|Any CPU
		{6FDA6591-AB66-4420-A6AE-83FC5869CC49}.Release|x86.Build.0 = Release|Any CPU
		{20F92972-8599-446C-A7B2-40EE244DF50E}.Debug|Any CPU.ActiveCfg = Debug|Any CPU
		{20F92972-8599-446C-A7B2-40EE244DF50E}.Debug|Any CPU.Build.0 = Debug|Any CPU
		{20F92972-8599-446C-A7B2-40EE244DF50E}.Debug|x64.ActiveCfg = Debug|Any CPU
		{20F92972-8599-446C-A7B2-40EE244DF50E}.Debug|x64.Build.0 = Debug|Any CPU
		{20F92972-8599-446C-A7B2-40EE244DF50E}.Debug|x86.ActiveCfg = Debug|Any CPU
		{20F92972-8599-446C-A7B2-40EE244DF50E}.Debug|x86.Build.0 = Debug|Any CPU
		{20F92972-8599-446C-A7B2-40EE244DF50E}.Release|Any CPU.ActiveCfg = Release|Any CPU
		{20F92972-8599-446C-A7B2-40EE244DF50E}.Release|Any CPU.Build.0 = Release|Any CPU
		{20F92972-8599-446C-A7B2-40EE244DF50E}.Release|x64.ActiveCfg = Release|Any CPU
		{20F92972-8599-446C-A7B2-40EE244DF50E}.Release|x64.Build.0 = Release|Any CPU
		{20F92972-8599-446C-A7B2-40EE244DF50E}.Release|x86.ActiveCfg = Release|Any CPU
		{20F92972-8599-446C-A7B2-40EE244DF50E}.Release|x86.Build.0 = Release|Any CPU
		{3093AE44-0D65-4FFF-B7AB-F4E0141B02EF}.Debug|Any CPU.ActiveCfg = Debug|Any CPU
		{3093AE44-0D65-4FFF-B7AB-F4E0141B02EF}.Debug|Any CPU.Build.0 = Debug|Any CPU
		{3093AE44-0D65-4FFF-B7AB-F4E0141B02EF}.Debug|x64.ActiveCfg = Debug|Any CPU
		{3093AE44-0D65-4FFF-B7AB-F4E0141B02EF}.Debug|x64.Build.0 = Debug|Any CPU
		{3093AE44-0D65-4FFF-B7AB-F4E0141B02EF}.Debug|x86.ActiveCfg = Debug|Any CPU
		{3093AE44-0D65-4FFF-B7AB-F4E0141B02EF}.Debug|x86.Build.0 = Debug|Any CPU
		{3093AE44-0D65-4FFF-B7AB-F4E0141B02EF}.Release|Any CPU.ActiveCfg = Release|Any CPU
		{3093AE44-0D65-4FFF-B7AB-F4E0141B02EF}.Release|Any CPU.Build.0 = Release|Any CPU
		{3093AE44-0D65-4FFF-B7AB-F4E0141B02EF}.Release|x64.ActiveCfg = Release|Any CPU
		{3093AE44-0D65-4FFF-B7AB-F4E0141B02EF}.Release|x64.Build.0 = Release|Any CPU
		{3093AE44-0D65-4FFF-B7AB-F4E0141B02EF}.Release|x86.ActiveCfg = Release|Any CPU
		{3093AE44-0D65-4FFF-B7AB-F4E0141B02EF}.Release|x86.Build.0 = Release|Any CPU
		{22895A75-0237-48A9-A9A6-B0383F9EC0DC}.Debug|Any CPU.ActiveCfg = Debug|Any CPU
		{22895A75-0237-48A9-A9A6-B0383F9EC0DC}.Debug|Any CPU.Build.0 = Debug|Any CPU
		{22895A75-0237-48A9-A9A6-B0383F9EC0DC}.Debug|x64.ActiveCfg = Debug|Any CPU
		{22895A75-0237-48A9-A9A6-B0383F9EC0DC}.Debug|x64.Build.0 = Debug|Any CPU
		{22895A75-0237-48A9-A9A6-B0383F9EC0DC}.Debug|x86.ActiveCfg = Debug|Any CPU
		{22895A75-0237-48A9-A9A6-B0383F9EC0DC}.Debug|x86.Build.0 = Debug|Any CPU
		{22895A75-0237-48A9-A9A6-B0383F9EC0DC}.Release|Any CPU.ActiveCfg = Release|Any CPU
		{22895A75-0237-48A9-A9A6-B0383F9EC0DC}.Release|Any CPU.Build.0 = Release|Any CPU
		{22895A75-0237-48A9-A9A6-B0383F9EC0DC}.Release|x64.ActiveCfg = Release|Any CPU
		{22895A75-0237-48A9-A9A6-B0383F9EC0DC}.Release|x64.Build.0 = Release|Any CPU
		{22895A75-0237-48A9-A9A6-B0383F9EC0DC}.Release|x86.ActiveCfg = Release|Any CPU
		{22895A75-0237-48A9-A9A6-B0383F9EC0DC}.Release|x86.Build.0 = Release|Any CPU
		{3863F460-FC9E-465D-B666-024EA24EEEDE}.Debug|Any CPU.ActiveCfg = Debug|Any CPU
		{3863F460-FC9E-465D-B666-024EA24EEEDE}.Debug|Any CPU.Build.0 = Debug|Any CPU
		{3863F460-FC9E-465D-B666-024EA24EEEDE}.Debug|x64.ActiveCfg = Debug|Any CPU
		{3863F460-FC9E-465D-B666-024EA24EEEDE}.Debug|x64.Build.0 = Debug|Any CPU
		{3863F460-FC9E-465D-B666-024EA24EEEDE}.Debug|x86.ActiveCfg = Debug|Any CPU
		{3863F460-FC9E-465D-B666-024EA24EEEDE}.Debug|x86.Build.0 = Debug|Any CPU
		{3863F460-FC9E-465D-B666-024EA24EEEDE}.Release|Any CPU.ActiveCfg = Release|Any CPU
		{3863F460-FC9E-465D-B666-024EA24EEEDE}.Release|Any CPU.Build.0 = Release|Any CPU
		{3863F460-FC9E-465D-B666-024EA24EEEDE}.Release|x64.ActiveCfg = Release|Any CPU
		{3863F460-FC9E-465D-B666-024EA24EEEDE}.Release|x64.Build.0 = Release|Any CPU
		{3863F460-FC9E-465D-B666-024EA24EEEDE}.Release|x86.ActiveCfg = Release|Any CPU
		{3863F460-FC9E-465D-B666-024EA24EEEDE}.Release|x86.Build.0 = Release|Any CPU
		{D2F9B618-0A84-4B47-B28E-A5A2681AC38B}.Debug|Any CPU.ActiveCfg = Debug|Any CPU
		{D2F9B618-0A84-4B47-B28E-A5A2681AC38B}.Debug|Any CPU.Build.0 = Debug|Any CPU
		{D2F9B618-0A84-4B47-B28E-A5A2681AC38B}.Debug|x64.ActiveCfg = Debug|Any CPU
		{D2F9B618-0A84-4B47-B28E-A5A2681AC38B}.Debug|x64.Build.0 = Debug|Any CPU
		{D2F9B618-0A84-4B47-B28E-A5A2681AC38B}.Debug|x86.ActiveCfg = Debug|Any CPU
		{D2F9B618-0A84-4B47-B28E-A5A2681AC38B}.Debug|x86.Build.0 = Debug|Any CPU
		{D2F9B618-0A84-4B47-B28E-A5A2681AC38B}.Release|Any CPU.ActiveCfg = Release|Any CPU
		{D2F9B618-0A84-4B47-B28E-A5A2681AC38B}.Release|Any CPU.Build.0 = Release|Any CPU
		{D2F9B618-0A84-4B47-B28E-A5A2681AC38B}.Release|x64.ActiveCfg = Release|Any CPU
		{D2F9B618-0A84-4B47-B28E-A5A2681AC38B}.Release|x64.Build.0 = Release|Any CPU
		{D2F9B618-0A84-4B47-B28E-A5A2681AC38B}.Release|x86.ActiveCfg = Release|Any CPU
		{D2F9B618-0A84-4B47-B28E-A5A2681AC38B}.Release|x86.Build.0 = Release|Any CPU
		{B9358EB3-7552-4D31-A440-B03DE431384E}.Debug|Any CPU.ActiveCfg = Debug|Any CPU
		{B9358EB3-7552-4D31-A440-B03DE431384E}.Debug|Any CPU.Build.0 = Debug|Any CPU
		{B9358EB3-7552-4D31-A440-B03DE431384E}.Debug|x64.ActiveCfg = Debug|Any CPU
		{B9358EB3-7552-4D31-A440-B03DE431384E}.Debug|x64.Build.0 = Debug|Any CPU
		{B9358EB3-7552-4D31-A440-B03DE431384E}.Debug|x86.ActiveCfg = Debug|Any CPU
		{B9358EB3-7552-4D31-A440-B03DE431384E}.Debug|x86.Build.0 = Debug|Any CPU
		{B9358EB3-7552-4D31-A440-B03DE431384E}.Release|Any CPU.ActiveCfg = Release|Any CPU
		{B9358EB3-7552-4D31-A440-B03DE431384E}.Release|Any CPU.Build.0 = Release|Any CPU
		{B9358EB3-7552-4D31-A440-B03DE431384E}.Release|x64.ActiveCfg = Release|Any CPU
		{B9358EB3-7552-4D31-A440-B03DE431384E}.Release|x64.Build.0 = Release|Any CPU
		{B9358EB3-7552-4D31-A440-B03DE431384E}.Release|x86.ActiveCfg = Release|Any CPU
		{B9358EB3-7552-4D31-A440-B03DE431384E}.Release|x86.Build.0 = Release|Any CPU
		{83E18A3E-DD38-4CEF-8EA5-5543ADC62DB9}.Debug|Any CPU.ActiveCfg = Debug|Any CPU
		{83E18A3E-DD38-4CEF-8EA5-5543ADC62DB9}.Debug|Any CPU.Build.0 = Debug|Any CPU
		{83E18A3E-DD38-4CEF-8EA5-5543ADC62DB9}.Debug|x64.ActiveCfg = Debug|Any CPU
		{83E18A3E-DD38-4CEF-8EA5-5543ADC62DB9}.Debug|x64.Build.0 = Debug|Any CPU
		{83E18A3E-DD38-4CEF-8EA5-5543ADC62DB9}.Debug|x86.ActiveCfg = Debug|Any CPU
		{83E18A3E-DD38-4CEF-8EA5-5543ADC62DB9}.Debug|x86.Build.0 = Debug|Any CPU
		{83E18A3E-DD38-4CEF-8EA5-5543ADC62DB9}.Release|Any CPU.ActiveCfg = Release|Any CPU
		{83E18A3E-DD38-4CEF-8EA5-5543ADC62DB9}.Release|Any CPU.Build.0 = Release|Any CPU
		{83E18A3E-DD38-4CEF-8EA5-5543ADC62DB9}.Release|x64.ActiveCfg = Release|Any CPU
		{83E18A3E-DD38-4CEF-8EA5-5543ADC62DB9}.Release|x64.Build.0 = Release|Any CPU
		{83E18A3E-DD38-4CEF-8EA5-5543ADC62DB9}.Release|x86.ActiveCfg = Release|Any CPU
		{83E18A3E-DD38-4CEF-8EA5-5543ADC62DB9}.Release|x86.Build.0 = Release|Any CPU
	EndGlobalSection
	GlobalSection(SolutionProperties) = preSolution
		HideSolutionNode = FALSE
	EndGlobalSection
	GlobalSection(NestedProjects) = preSolution
		{984BB9B3-3FA3-BE33-9484-CAC21695A33C} = {827E0CD3-B72D-47B6-A68D-7590B98EB39B}
		{C91C1CF1-1625-0789-F869-53D87D6277BA} = {984BB9B3-3FA3-BE33-9484-CAC21695A33C}
		{0D17F060-34E1-4038-A4FF-A8032B23157C} = {C91C1CF1-1625-0789-F869-53D87D6277BA}
		{14A77997-57C7-4F88-AD80-7B9CC5B9A283} = {C91C1CF1-1625-0789-F869-53D87D6277BA}
		{C1FAC590-4138-4FA9-9567-F7BCE881CB05} = {C91C1CF1-1625-0789-F869-53D87D6277BA}
		{A3CB2D11-F3B5-44C4-B6E7-3064B45EA5B0} = {C91C1CF1-1625-0789-F869-53D87D6277BA}
		{4353066B-F410-E540-F593-55E469B78A5F} = {0AB3BF05-4346-4AA6-1389-037BE0695223}
		{C5ADB2C2-D5AC-61D9-C060-9FACC8AEA64C} = {4353066B-F410-E540-F593-55E469B78A5F}
		{2A67EAB8-FCC1-4A98-9029-5EFA19DADC06} = {C5ADB2C2-D5AC-61D9-C060-9FACC8AEA64C}
		{CBE535C5-B51A-60E9-4D99-AC1BFAA908A1} = {827E0CD3-B72D-47B6-A68D-7590B98EB39B}
		{135B9AF6-787A-4288-B2B0-6955AC87802F} = {CBE535C5-B51A-60E9-4D99-AC1BFAA908A1}
		{1BFC9479-12BF-35C3-06B8-42D89D95092B} = {984BB9B3-3FA3-BE33-9484-CAC21695A33C}
		{6FDA6591-AB66-4420-A6AE-83FC5869CC49} = {1BFC9479-12BF-35C3-06B8-42D89D95092B}
		{20F92972-8599-446C-A7B2-40EE244DF50E} = {1BFC9479-12BF-35C3-06B8-42D89D95092B}
		{3093AE44-0D65-4FFF-B7AB-F4E0141B02EF} = {1BFC9479-12BF-35C3-06B8-42D89D95092B}
		{22895A75-0237-48A9-A9A6-B0383F9EC0DC} = {1BFC9479-12BF-35C3-06B8-42D89D95092B}
		{8871A05F-17A3-4577-B9A8-3385A0FE4149} = {984BB9B3-3FA3-BE33-9484-CAC21695A33C}
		{3863F460-FC9E-465D-B666-024EA24EEEDE} = {8871A05F-17A3-4577-B9A8-3385A0FE4149}
		{D2F9B618-0A84-4B47-B28E-A5A2681AC38B} = {8871A05F-17A3-4577-B9A8-3385A0FE4149}
		{B9358EB3-7552-4D31-A440-B03DE431384E} = {8871A05F-17A3-4577-B9A8-3385A0FE4149}
		{83E18A3E-DD38-4CEF-8EA5-5543ADC62DB9} = {8871A05F-17A3-4577-B9A8-3385A0FE4149}
	EndGlobalSection
EndGlobal
